
Microsoft Visual Studio Solution File, Format Version 12.00
# Visual Studio Version 16
VisualStudioVersion = 16.0.29926.136
MinimumVisualStudioVersion = 10.0.40219.1
Project("{FAE04EC0-301F-11D3-BF4B-00C04F79EFBC}") = "GeoMapDemo", "GeoMapDemo\GeoMapDemo.csproj", "{FD022373-C7F0-4511-8B78-F5EE7256FE59}"
EndProject
Global
	GlobalSection(SolutionConfigurationPlatforms) = preSolution
		Debug|Any CPU = Debug|Any CPU
		Release|Any CPU = Release|Any CPU
	EndGlobalSection
	GlobalSection(ProjectConfigurationPlatforms) = postSolution
		{FD022373-C7F0-4511-8B78-F5EE7256FE59}.Debug|Any CPU.ActiveCfg = Debug|Any CPU
		{FD022373-C7F0-4511-8B78-F5EE7256FE59}.Debug|Any CPU.Build.0 = Debug|Any CPU
		{FD022373-C7F0-4511-8B78-F5EE7256FE59}.Release|Any CPU.ActiveCfg = Release|Any CPU
		{FD022373-C7F0-4511-8B78-F5EE7256FE59}.Release|Any CPU.Build.0 = Release|Any CPU
	EndGlobalSection
	GlobalSection(SolutionProperties) = preSolution
		HideSolutionNode = FALSE
	EndGlobalSection
	GlobalSection(ExtensibilityGlobals) = postSolution
		SolutionGuid = {76926783-DBE5-4F93-AB7E-3495D924C410}
	EndGlobalSection
EndGlobal
